
Microsoft Visual Studio Solution File, Format Version 12.00
# Visual Studio 14
VisualStudioVersion = 14.0.23107.0
MinimumVisualStudioVersion = 10.0.40219.1
Project("{FAE04EC0-301F-11D3-BF4B-00C04F79EFBC}") = "Task_That_Return_a_Value", "Task_That_Return_a_Value\Task_That_Return_a_Value.csproj", "{73845B51-33D9-498E-9B46-0D9FF8F6AC11}"
EndProject
Global
	GlobalSection(SolutionConfigurationPlatforms) = preSolution
		Debug|Any CPU = Debug|Any CPU
		Release|Any CPU = Release|Any CPU
	EndGlobalSection
	GlobalSection(ProjectConfigurationPlatforms) = postSolution
		{73845B51-33D9-498E-9B46-0D9FF8F6AC11}.Debug|Any CPU.ActiveCfg = Debug|Any CPU
		{73845B51-33D9-498E-9B46-0D9FF8F6AC11}.Debug|Any CPU.Build.0 = Debug|Any CPU
		{73845B51-33D9-498E-9B46-0D9FF8F6AC11}.Release|Any CPU.ActiveCfg = Release|Any CPU
		{73845B51-33D9-498E-9B46-0D9FF8F6AC11}.Release|Any CPU.Build.0 = Release|Any CPU
	EndGlobalSection
	GlobalSection(SolutionProperties) = preSolution
		HideSolutionNode = FALSE
	EndGlobalSection
EndGlobal
