
Microsoft Visual Studio Solution File, Format Version 12.00
# Visual Studio 14
VisualStudioVersion = 14.0.23107.0
MinimumVisualStudioVersion = 10.0.40219.1
Project("{FAE04EC0-301F-11D3-BF4B-00C04F79EFBC}") = "Task_Cancellation", "Task_Cancellation\Task_Cancellation.csproj", "{D43D02A4-1808-4B45-A2DD-775E423A3969}"
EndProject
Global
	GlobalSection(SolutionConfigurationPlatforms) = preSolution
		Debug|Any CPU = Debug|Any CPU
		Release|Any CPU = Release|Any CPU
	EndGlobalSection
	GlobalSection(ProjectConfigurationPlatforms) = postSolution
		{D43D02A4-1808-4B45-A2DD-775E423A3969}.Debug|Any CPU.ActiveCfg = Debug|Any CPU
		{D43D02A4-1808-4B45-A2DD-775E423A3969}.Debug|Any CPU.Build.0 = Debug|Any CPU
		{D43D02A4-1808-4B45-A2DD-775E423A3969}.Release|Any CPU.ActiveCfg = Release|Any CPU
		{D43D02A4-1808-4B45-A2DD-775E423A3969}.Release|Any CPU.Build.0 = Release|Any CPU
	EndGlobalSection
	GlobalSection(SolutionProperties) = preSolution
		HideSolutionNode = FALSE
	EndGlobalSection
EndGlobal
